
Microsoft Visual Studio Solution File, Format Version 12.00
# Visual Studio 15
VisualStudioVersion = 15.0.26730.12
MinimumVisualStudioVersion = 10.0.40219.1
Project("{FAE04EC0-301F-11D3-BF4B-00C04F79EFBC}") = "oef hfdst 3", "oef hfdst 3\oef hfdst 3.csproj", "{C5B8B836-024F-4C4A-99B8-C7BD0D089A7F}"
EndProject
Global
	GlobalSection(SolutionConfigurationPlatforms) = preSolution
		Debug|Any CPU = Debug|Any CPU
		Release|Any CPU = Release|Any CPU
	EndGlobalSection
	GlobalSection(ProjectConfigurationPlatforms) = postSolution
		{C5B8B836-024F-4C4A-99B8-C7BD0D089A7F}.Debug|Any CPU.ActiveCfg = Debug|Any CPU
		{C5B8B836-024F-4C4A-99B8-C7BD0D089A7F}.Debug|Any CPU.Build.0 = Debug|Any CPU
		{C5B8B836-024F-4C4A-99B8-C7BD0D089A7F}.Release|Any CPU.ActiveCfg = Release|Any CPU
		{C5B8B836-024F-4C4A-99B8-C7BD0D089A7F}.Release|Any CPU.Build.0 = Release|Any CPU
	EndGlobalSection
	GlobalSection(SolutionProperties) = preSolution
		HideSolutionNode = FALSE
	EndGlobalSection
	GlobalSection(ExtensibilityGlobals) = postSolution
		SolutionGuid = {4F779346-BB6B-418A-B235-3919ED3FD64E}
	EndGlobalSection
EndGlobal
